
Microsoft Visual Studio Solution File, Format Version 12.00
# Visual Studio 14
VisualStudioVersion = 14.0.25123.0
MinimumVisualStudioVersion = 10.0.40219.1
Project("{FAE04EC0-301F-11D3-BF4B-00C04F79EFBC}") = "Tennis_20160607", "Tennis_20160607\Tennis_20160607.csproj", "{C88AD5AB-0320-4FC3-B45C-6FCE2485B315}"
EndProject
Project("{FAE04EC0-301F-11D3-BF4B-00C04F79EFBC}") = "TennisTests", "TennisTests\TennisTests.csproj", "{CBA88292-675C-40ED-AE15-E98918C5464E}"
EndProject
Global
	GlobalSection(SolutionConfigurationPlatforms) = preSolution
		Debug|Any CPU = Debug|Any CPU
		Release|Any CPU = Release|Any CPU
	EndGlobalSection
	GlobalSection(ProjectConfigurationPlatforms) = postSolution
		{C88AD5AB-0320-4FC3-B45C-6FCE2485B315}.Debug|Any CPU.ActiveCfg = Debug|Any CPU
		{C88AD5AB-0320-4FC3-B45C-6FCE2485B315}.Debug|Any CPU.Build.0 = Debug|Any CPU
		{C88AD5AB-0320-4FC3-B45C-6FCE2485B315}.Release|Any CPU.ActiveCfg = Release|Any CPU
		{C88AD5AB-0320-4FC3-B45C-6FCE2485B315}.Release|Any CPU.Build.0 = Release|Any CPU
		{CBA88292-675C-40ED-AE15-E98918C5464E}.Debug|Any CPU.ActiveCfg = Debug|Any CPU
		{CBA88292-675C-40ED-AE15-E98918C5464E}.Debug|Any CPU.Build.0 = Debug|Any CPU
		{CBA88292-675C-40ED-AE15-E98918C5464E}.Release|Any CPU.ActiveCfg = Release|Any CPU
		{CBA88292-675C-40ED-AE15-E98918C5464E}.Release|Any CPU.Build.0 = Release|Any CPU
	EndGlobalSection
	GlobalSection(SolutionProperties) = preSolution
		HideSolutionNode = FALSE
	EndGlobalSection
EndGlobal
