
Microsoft Visual Studio Solution File, Format Version 12.00
# Visual Studio 14
VisualStudioVersion = 14.0.24720.0
MinimumVisualStudioVersion = 10.0.40219.1
Project("{FAE04EC0-301F-11D3-BF4B-00C04F79EFBC}") = "FizzBuzz.Tests", "FizzBuzz.Tests\FizzBuzz.Tests.csproj", "{62D93E7D-491F-4FC0-AF56-39438319831E}"
EndProject
Project("{FAE04EC0-301F-11D3-BF4B-00C04F79EFBC}") = "FizzBuzz", "FizzBuzz\FizzBuzz.csproj", "{BABD4036-D818-4E2A-B6E4-A30D73ED19A8}"
EndProject
Global
	GlobalSection(SolutionConfigurationPlatforms) = preSolution
		Debug|Any CPU = Debug|Any CPU
		Release|Any CPU = Release|Any CPU
	EndGlobalSection
	GlobalSection(ProjectConfigurationPlatforms) = postSolution
		{62D93E7D-491F-4FC0-AF56-39438319831E}.Debug|Any CPU.ActiveCfg = Debug|Any CPU
		{62D93E7D-491F-4FC0-AF56-39438319831E}.Debug|Any CPU.Build.0 = Debug|Any CPU
		{62D93E7D-491F-4FC0-AF56-39438319831E}.Release|Any CPU.ActiveCfg = Release|Any CPU
		{62D93E7D-491F-4FC0-AF56-39438319831E}.Release|Any CPU.Build.0 = Release|Any CPU
		{BABD4036-D818-4E2A-B6E4-A30D73ED19A8}.Debug|Any CPU.ActiveCfg = Debug|Any CPU
		{BABD4036-D818-4E2A-B6E4-A30D73ED19A8}.Debug|Any CPU.Build.0 = Debug|Any CPU
		{BABD4036-D818-4E2A-B6E4-A30D73ED19A8}.Release|Any CPU.ActiveCfg = Release|Any CPU
		{BABD4036-D818-4E2A-B6E4-A30D73ED19A8}.Release|Any CPU.Build.0 = Release|Any CPU
	EndGlobalSection
	GlobalSection(SolutionProperties) = preSolution
		HideSolutionNode = FALSE
	EndGlobalSection
EndGlobal
