
Microsoft Visual Studio Solution File, Format Version 12.00
# Visual Studio 14
VisualStudioVersion = 14.0.25123.0
MinimumVisualStudioVersion = 10.0.40219.1
Project("{FAE04EC0-301F-11D3-BF4B-00C04F79EFBC}") = "Tennis_20160607_2", "Tennis_20160607_2\Tennis_20160607_2.csproj", "{D56369E6-184D-45F1-AF57-69FFB4DA94E6}"
EndProject
Project("{FAE04EC0-301F-11D3-BF4B-00C04F79EFBC}") = "TennisTests", "..\Tennis_20160607\TennisTests\TennisTests.csproj", "{CBA88292-675C-40ED-AE15-E98918C5464E}"
EndProject
Global
	GlobalSection(SolutionConfigurationPlatforms) = preSolution
		Debug|Any CPU = Debug|Any CPU
		Release|Any CPU = Release|Any CPU
	EndGlobalSection
	GlobalSection(ProjectConfigurationPlatforms) = postSolution
		{D56369E6-184D-45F1-AF57-69FFB4DA94E6}.Debug|Any CPU.ActiveCfg = Debug|Any CPU
		{D56369E6-184D-45F1-AF57-69FFB4DA94E6}.Debug|Any CPU.Build.0 = Debug|Any CPU
		{D56369E6-184D-45F1-AF57-69FFB4DA94E6}.Release|Any CPU.ActiveCfg = Release|Any CPU
		{D56369E6-184D-45F1-AF57-69FFB4DA94E6}.Release|Any CPU.Build.0 = Release|Any CPU
		{CBA88292-675C-40ED-AE15-E98918C5464E}.Debug|Any CPU.ActiveCfg = Debug|Any CPU
		{CBA88292-675C-40ED-AE15-E98918C5464E}.Debug|Any CPU.Build.0 = Debug|Any CPU
		{CBA88292-675C-40ED-AE15-E98918C5464E}.Release|Any CPU.ActiveCfg = Release|Any CPU
		{CBA88292-675C-40ED-AE15-E98918C5464E}.Release|Any CPU.Build.0 = Release|Any CPU
	EndGlobalSection
	GlobalSection(SolutionProperties) = preSolution
		HideSolutionNode = FALSE
	EndGlobalSection
EndGlobal
